// !$*UTF8*$!
{
	archiveVersion = 1;
	classes = {
	};
	objectVersion = 52;
	objects = {

/* Begin PBXBuildFile section */
		714D8E6F26066E1600B78A8C /* Tests_iOS.swift in Sources */ = {isa = PBXBuildFile; fileRef = 714D8E6E26066E1600B78A8C /* Tests_iOS.swift */; };
		714D8E7A26066E1600B78A8C /* Tests_macOS.swift in Sources */ = {isa = PBXBuildFile; fileRef = 714D8E7926066E1600B78A8C /* Tests_macOS.swift */; };
		714D8E7C26066E1600B78A8C /* BaseApp.swift in Sources */ = {isa = PBXBuildFile; fileRef = 714D8E5326066E1600B78A8C /* BaseApp.swift */; };
		714D8E7D26066E1600B78A8C /* BaseApp.swift in Sources */ = {isa = PBXBuildFile; fileRef = 714D8E5326066E1600B78A8C /* BaseApp.swift */; };
		714D8E7E26066E1600B78A8C /* ContentView.swift in Sources */ = {isa = PBXBuildFile; fileRef = 714D8E5426066E1600B78A8C /* ContentView.swift */; };
		714D8E7F26066E1600B78A8C /* ContentView.swift in Sources */ = {isa = PBXBuildFile; fileRef = 714D8E5426066E1600B78A8C /* ContentView.swift */; };
		714D8E8026066E1600B78A8C /* Assets.xcassets in Resources */ = {isa = PBXBuildFile; fileRef = 714D8E5526066E1600B78A8C /* Assets.xcassets */; };
		714D8E8126066E1600B78A8C /* Assets.xcassets in Resources */ = {isa = PBXBuildFile; fileRef = 714D8E5526066E1600B78A8C /* Assets.xcassets */; };
		714D8EA626066E6E00B78A8C /* GraniteUI in Frameworks */ = {isa = PBXBuildFile; productRef = 714D8EA526066E6E00B78A8C /* GraniteUI */; };
		714D8EA826066E7300B78A8C /* GraniteUI in Frameworks */ = {isa = PBXBuildFile; productRef = 714D8EA726066E7300B78A8C /* GraniteUI */; };
		714D8EBC26066EED00B78A8C /* MainComponent.swift in Sources */ = {isa = PBXBuildFile; fileRef = 714D8EB826066EED00B78A8C /* MainComponent.swift */; };
		714D8EBD26066EED00B78A8C /* MainComponent.swift in Sources */ = {isa = PBXBuildFile; fileRef = 714D8EB826066EED00B78A8C /* MainComponent.swift */; };
		714D8EBE26066EED00B78A8C /* MainState.swift in Sources */ = {isa = PBXBuildFile; fileRef = 714D8EBA26066EED00B78A8C /* MainState.swift */; };
		714D8EBF26066EED00B78A8C /* MainState.swift in Sources */ = {isa = PBXBuildFile; fileRef = 714D8EBA26066EED00B78A8C /* MainState.swift */; };
		714D8EC026066EED00B78A8C /* MainEvents.swift in Sources */ = {isa = PBXBuildFile; fileRef = 714D8EBB26066EED00B78A8C /* MainEvents.swift */; };
		714D8EC126066EED00B78A8C /* MainEvents.swift in Sources */ = {isa = PBXBuildFile; fileRef = 714D8EBB26066EED00B78A8C /* MainEvents.swift */; };
		714D8ED92606711900B78A8C /* SotoS3 in Frameworks */ = {isa = PBXBuildFile; productRef = 714D8ED82606711900B78A8C /* SotoS3 */; };
		714D8EDB2606711900B78A8C /* SotoAccessAnalyzer in Frameworks */ = {isa = PBXBuildFile; productRef = 714D8EDA2606711900B78A8C /* SotoAccessAnalyzer */; };
		714D8EDD2606711900B78A8C /* SotoAmplifyBackend in Frameworks */ = {isa = PBXBuildFile; productRef = 714D8EDC2606711900B78A8C /* SotoAmplifyBackend */; };
		714D8EDF2606711900B78A8C /* SotoApiGatewayV2 in Frameworks */ = {isa = PBXBuildFile; productRef = 714D8EDE2606711900B78A8C /* SotoApiGatewayV2 */; };
		714D8EE12606711900B78A8C /* SotoACM in Frameworks */ = {isa = PBXBuildFile; productRef = 714D8EE02606711900B78A8C /* SotoACM */; };
		714D8EE32606711900B78A8C /* SotoS3Control in Frameworks */ = {isa = PBXBuildFile; productRef = 714D8EE22606711900B78A8C /* SotoS3Control */; };
		714D8EE52606711900B78A8C /* SotoAmplify in Frameworks */ = {isa = PBXBuildFile; productRef = 714D8EE42606711900B78A8C /* SotoAmplify */; };
		714D8EE72606711900B78A8C /* SotoApiGatewayManagementApi in Frameworks */ = {isa = PBXBuildFile; productRef = 714D8EE62606711900B78A8C /* SotoApiGatewayManagementApi */; };
		714D8EE92606711900B78A8C /* SotoAPIGateway in Frameworks */ = {isa = PBXBuildFile; productRef = 714D8EE82606711900B78A8C /* SotoAPIGateway */; };
		714D8EEB2606711900B78A8C /* SotoS3Outposts in Frameworks */ = {isa = PBXBuildFile; productRef = 714D8EEA2606711900B78A8C /* SotoS3Outposts */; };
		714D8EED2606711900B78A8C /* SotoACMPCA in Frameworks */ = {isa = PBXBuildFile; productRef = 714D8EEC2606711900B78A8C /* SotoACMPCA */; };
		714D8EF32606714100B78A8C /* SotoACM in Frameworks */ = {isa = PBXBuildFile; productRef = 714D8EF22606714100B78A8C /* SotoACM */; };
		714D8EF52606714100B78A8C /* SotoAmplify in Frameworks */ = {isa = PBXBuildFile; productRef = 714D8EF42606714100B78A8C /* SotoAmplify */; };
		714D8EF72606714100B78A8C /* SotoS3 in Frameworks */ = {isa = PBXBuildFile; productRef = 714D8EF62606714100B78A8C /* SotoS3 */; };
		714D8EF92606714100B78A8C /* SotoS3Control in Frameworks */ = {isa = PBXBuildFile; productRef = 714D8EF82606714100B78A8C /* SotoS3Control */; };
		714D8EFB2606714100B78A8C /* SotoS3Outposts in Frameworks */ = {isa = PBXBuildFile; productRef = 714D8EFA2606714100B78A8C /* SotoS3Outposts */; };
		714D8F062606729C00B78A8C /* S3Expedition.swift in Sources */ = {isa = PBXBuildFile; fileRef = 714D8F052606729C00B78A8C /* S3Expedition.swift */; };
		714D8F072606729C00B78A8C /* S3Expedition.swift in Sources */ = {isa = PBXBuildFile; fileRef = 714D8F052606729C00B78A8C /* S3Expedition.swift */; };
		7198CED0260B07BA00E5080C /* S3DeleteAllExpedition.swift in Sources */ = {isa = PBXBuildFile; fileRef = 7198CECF260B07BA00E5080C /* S3DeleteAllExpedition.swift */; };
		7198CED1260B07BA00E5080C /* S3DeleteAllExpedition.swift in Sources */ = {isa = PBXBuildFile; fileRef = 7198CECF260B07BA00E5080C /* S3DeleteAllExpedition.swift */; };
/* End PBXBuildFile section */

/* Begin PBXContainerItemProxy section */
		714D8E6B26066E1600B78A8C /* PBXContainerItemProxy */ = {
			isa = PBXContainerItemProxy;
			containerPortal = 714D8E4E26066E1500B78A8C /* Project object */;
			proxyType = 1;
			remoteGlobalIDString = 714D8E5926066E1600B78A8C;
			remoteInfo = "Base (iOS)";
		};
		714D8E7626066E1600B78A8C /* PBXContainerItemProxy */ = {
			isa = PBXContainerItemProxy;
			containerPortal = 714D8E4E26066E1500B78A8C /* Project object */;
			proxyType = 1;
			remoteGlobalIDString = 714D8E6126066E1600B78A8C;
			remoteInfo = "Base (macOS)";
		};
/* End PBXContainerItemProxy section */

/* Begin PBXFileReference section */
		714D8E5326066E1600B78A8C /* BaseApp.swift */ = {isa = PBXFileReference; lastKnownFileType = sourcecode.swift; path = BaseApp.swift; sourceTree = "<group>"; };
		714D8E5426066E1600B78A8C /* ContentView.swift */ = {isa = PBXFileReference; lastKnownFileType = sourcecode.swift; path = ContentView.swift; sourceTree = "<group>"; };
		714D8E5526066E1600B78A8C /* Assets.xcassets */ = {isa = PBXFileReference; lastKnownFileType = folder.assetcatalog; path = Assets.xcassets; sourceTree = "<group>"; };
		714D8E5A26066E1600B78A8C /* Base.app */ = {isa = PBXFileReference; explicitFileType = wrapper.application; includeInIndex = 0; path = Base.app; sourceTree = BUILT_PRODUCTS_DIR; };
		714D8E5D26066E1600B78A8C /* Info.plist */ = {isa = PBXFileReference; lastKnownFileType = text.plist.xml; path = Info.plist; sourceTree = "<group>"; };
		714D8E6226066E1600B78A8C /* Base.app */ = {isa = PBXFileReference; explicitFileType = wrapper.application; includeInIndex = 0; path = Base.app; sourceTree = BUILT_PRODUCTS_DIR; };
		714D8E6426066E1600B78A8C /* Info.plist */ = {isa = PBXFileReference; lastKnownFileType = text.plist.xml; path = Info.plist; sourceTree = "<group>"; };
		714D8E6526066E1600B78A8C /* macOS.entitlements */ = {isa = PBXFileReference; lastKnownFileType = text.plist.entitlements; path = macOS.entitlements; sourceTree = "<group>"; };
		714D8E6A26066E1600B78A8C /* Tests iOS.xctest */ = {isa = PBXFileReference; explicitFileType = wrapper.cfbundle; includeInIndex = 0; path = "Tests iOS.xctest"; sourceTree = BUILT_PRODUCTS_DIR; };
		714D8E6E26066E1600B78A8C /* Tests_iOS.swift */ = {isa = PBXFileReference; lastKnownFileType = sourcecode.swift; path = Tests_iOS.swift; sourceTree = "<group>"; };
		714D8E7026066E1600B78A8C /* Info.plist */ = {isa = PBXFileReference; lastKnownFileType = text.plist.xml; path = Info.plist; sourceTree = "<group>"; };
		714D8E7526066E1600B78A8C /* Tests macOS.xctest */ = {isa = PBXFileReference; explicitFileType = wrapper.cfbundle; includeInIndex = 0; path = "Tests macOS.xctest"; sourceTree = BUILT_PRODUCTS_DIR; };
		714D8E7926066E1600B78A8C /* Tests_macOS.swift */ = {isa = PBXFileReference; lastKnownFileType = sourcecode.swift; path = Tests_macOS.swift; sourceTree = "<group>"; };
		714D8E7B26066E1600B78A8C /* Info.plist */ = {isa = PBXFileReference; lastKnownFileType = text.plist.xml; path = Info.plist; sourceTree = "<group>"; };
		714D8EB826066EED00B78A8C /* MainComponent.swift */ = {isa = PBXFileReference; fileEncoding = 4; lastKnownFileType = sourcecode.swift; path = MainComponent.swift; sourceTree = "<group>"; };
		714D8EBA26066EED00B78A8C /* MainState.swift */ = {isa = PBXFileReference; fileEncoding = 4; lastKnownFileType = sourcecode.swift; path = MainState.swift; sourceTree = "<group>"; };
		714D8EBB26066EED00B78A8C /* MainEvents.swift */ = {isa = PBXFileReference; fileEncoding = 4; lastKnownFileType = sourcecode.swift; path = MainEvents.swift; sourceTree = "<group>"; };
		714D8F052606729C00B78A8C /* S3Expedition.swift */ = {isa = PBXFileReference; lastKnownFileType = sourcecode.swift; path = S3Expedition.swift; sourceTree = "<group>"; };
		7198CECA260B068D00E5080C /* granite */ = {isa = PBXFileReference; lastKnownFileType = folder; name = granite; path = ../../granite; sourceTree = "<group>"; };
		7198CECF260B07BA00E5080C /* S3DeleteAllExpedition.swift */ = {isa = PBXFileReference; lastKnownFileType = sourcecode.swift; path = S3DeleteAllExpedition.swift; sourceTree = "<group>"; };
/* End PBXFileReference section */

/* Begin PBXFrameworksBuildPhase section */
		714D8E5726066E1600B78A8C /* Frameworks */ = {
			isa = PBXFrameworksBuildPhase;
			buildActionMask = 2147483647;
			files = (
				714D8EDB2606711900B78A8C /* SotoAccessAnalyzer in Frameworks */,
				714D8EDD2606711900B78A8C /* SotoAmplifyBackend in Frameworks */,
				714D8EE52606711900B78A8C /* SotoAmplify in Frameworks */,
				714D8EE32606711900B78A8C /* SotoS3Control in Frameworks */,
				714D8EA626066E6E00B78A8C /* GraniteUI in Frameworks */,
				714D8EE12606711900B78A8C /* SotoACM in Frameworks */,
				714D8ED92606711900B78A8C /* SotoS3 in Frameworks */,
				714D8EEB2606711900B78A8C /* SotoS3Outposts in Frameworks */,
				714D8EED2606711900B78A8C /* SotoACMPCA in Frameworks */,
				714D8EDF2606711900B78A8C /* SotoApiGatewayV2 in Frameworks */,
				714D8EE72606711900B78A8C /* SotoApiGatewayManagementApi in Frameworks */,
				714D8EE92606711900B78A8C /* SotoAPIGateway in Frameworks */,
			);
			runOnlyForDeploymentPostprocessing = 0;
		};
		714D8E5F26066E1600B78A8C /* Frameworks */ = {
			isa = PBXFrameworksBuildPhase;
			buildActionMask = 2147483647;
			files = (
				714D8EA826066E7300B78A8C /* GraniteUI in Frameworks */,
				714D8EF72606714100B78A8C /* SotoS3 in Frameworks */,
				714D8EFB2606714100B78A8C /* SotoS3Outposts in Frameworks */,
				714D8EF92606714100B78A8C /* SotoS3Control in Frameworks */,
				714D8EF32606714100B78A8C /* SotoACM in Frameworks */,
				714D8EF52606714100B78A8C /* SotoAmplify in Frameworks */,
			);
			runOnlyForDeploymentPostprocessing = 0;
		};
		714D8E6726066E1600B78A8C /* Frameworks */ = {
			isa = PBXFrameworksBuildPhase;
			buildActionMask = 2147483647;
			files = (
			);
			runOnlyForDeploymentPostprocessing = 0;
		};
		714D8E7226066E1600B78A8C /* Frameworks */ = {
			isa = PBXFrameworksBuildPhase;
			buildActionMask = 2147483647;
			files = (
			);
			runOnlyForDeploymentPostprocessing = 0;
		};
/* End PBXFrameworksBuildPhase section */

/* Begin PBXGroup section */
		714D8E4D26066E1500B78A8C = {
			isa = PBXGroup;
			children = (
				7198CECA260B068D00E5080C /* granite */,
				714D8EAB26066ECB00B78A8C /* Relays */,
				714D8EAA26066EC500B78A8C /* Core */,
				714D8E5226066E1600B78A8C /* Shared */,
				714D8E5C26066E1600B78A8C /* iOS */,
				714D8E6326066E1600B78A8C /* macOS */,
				714D8E6D26066E1600B78A8C /* Tests iOS */,
				714D8E7826066E1600B78A8C /* Tests macOS */,
				714D8E5B26066E1600B78A8C /* Products */,
				714D8EA426066E6E00B78A8C /* Frameworks */,
			);
			sourceTree = "<group>";
		};
		714D8E5226066E1600B78A8C /* Shared */ = {
			isa = PBXGroup;
			children = (
				714D8EA926066EB800B78A8C /* Resources */,
				714D8E5326066E1600B78A8C /* BaseApp.swift */,
				714D8E5426066E1600B78A8C /* ContentView.swift */,
			);
			path = Shared;
			sourceTree = "<group>";
		};
		714D8E5B26066E1600B78A8C /* Products */ = {
			isa = PBXGroup;
			children = (
				714D8E5A26066E1600B78A8C /* Base.app */,
				714D8E6226066E1600B78A8C /* Base.app */,
				714D8E6A26066E1600B78A8C /* Tests iOS.xctest */,
				714D8E7526066E1600B78A8C /* Tests macOS.xctest */,
			);
			name = Products;
			sourceTree = "<group>";
		};
		714D8E5C26066E1600B78A8C /* iOS */ = {
			isa = PBXGroup;
			children = (
				714D8E5D26066E1600B78A8C /* Info.plist */,
			);
			path = iOS;
			sourceTree = "<group>";
		};
		714D8E6326066E1600B78A8C /* macOS */ = {
			isa = PBXGroup;
			children = (
				714D8E6426066E1600B78A8C /* Info.plist */,
				714D8E6526066E1600B78A8C /* macOS.entitlements */,
			);
			path = macOS;
			sourceTree = "<group>";
		};
		714D8E6D26066E1600B78A8C /* Tests iOS */ = {
			isa = PBXGroup;
			children = (
				714D8E6E26066E1600B78A8C /* Tests_iOS.swift */,
				714D8E7026066E1600B78A8C /* Info.plist */,
			);
			path = "Tests iOS";
			sourceTree = "<group>";
		};
		714D8E7826066E1600B78A8C /* Tests macOS */ = {
			isa = PBXGroup;
			children = (
				714D8E7926066E1600B78A8C /* Tests_macOS.swift */,
				714D8E7B26066E1600B78A8C /* Info.plist */,
			);
			path = "Tests macOS";
			sourceTree = "<group>";
		};
		714D8EA426066E6E00B78A8C /* Frameworks */ = {
			isa = PBXGroup;
			children = (
			);
			name = Frameworks;
			sourceTree = "<group>";
		};
		714D8EA926066EB800B78A8C /* Resources */ = {
			isa = PBXGroup;
			children = (
				714D8E5526066E1600B78A8C /* Assets.xcassets */,
			);
			path = Resources;
			sourceTree = "<group>";
		};
		714D8EAA26066EC500B78A8C /* Core */ = {
			isa = PBXGroup;
			children = (
				714D8EB726066EED00B78A8C /* Main */,
			);
			path = Core;
			sourceTree = "<group>";
		};
		714D8EAB26066ECB00B78A8C /* Relays */ = {
			isa = PBXGroup;
			children = (
			);
			path = Relays;
			sourceTree = "<group>";
		};
		714D8EB726066EED00B78A8C /* Main */ = {
			isa = PBXGroup;
			children = (
				714D8EB926066EED00B78A8C /* State */,
				714D8EB826066EED00B78A8C /* MainComponent.swift */,
				714D8EBB26066EED00B78A8C /* MainEvents.swift */,
			);
			path = Main;
			sourceTree = "<group>";
		};
		714D8EB926066EED00B78A8C /* State */ = {
			isa = PBXGroup;
			children = (
				714D8F042606726900B78A8C /* Expeditions */,
				714D8EBA26066EED00B78A8C /* MainState.swift */,
			);
			path = State;
			sourceTree = "<group>";
		};
		714D8F042606726900B78A8C /* Expeditions */ = {
			isa = PBXGroup;
			children = (
				714D8F052606729C00B78A8C /* S3Expedition.swift */,
				7198CECF260B07BA00E5080C /* S3DeleteAllExpedition.swift */,
			);
			path = Expeditions;
			sourceTree = "<group>";
		};
/* End PBXGroup section */

/* Begin PBXNativeTarget section */
		714D8E5926066E1600B78A8C /* Base (iOS) */ = {
			isa = PBXNativeTarget;
			buildConfigurationList = 714D8E8426066E1600B78A8C /* Build configuration list for PBXNativeTarget "Base (iOS)" */;
			buildPhases = (
				714D8E5626066E1600B78A8C /* Sources */,
				714D8E5726066E1600B78A8C /* Frameworks */,
				714D8E5826066E1600B78A8C /* Resources */,
			);
			buildRules = (
			);
			dependencies = (
			);
			name = "Base (iOS)";
			packageProductDependencies = (
				714D8EA526066E6E00B78A8C /* GraniteUI */,
				714D8ED82606711900B78A8C /* SotoS3 */,
				714D8EDA2606711900B78A8C /* SotoAccessAnalyzer */,
				714D8EDC2606711900B78A8C /* SotoAmplifyBackend */,
				714D8EDE2606711900B78A8C /* SotoApiGatewayV2 */,
				714D8EE02606711900B78A8C /* SotoACM */,
				714D8EE22606711900B78A8C /* SotoS3Control */,
				714D8EE42606711900B78A8C /* SotoAmplify */,
				714D8EE62606711900B78A8C /* SotoApiGatewayManagementApi */,
				714D8EE82606711900B78A8C /* SotoAPIGateway */,
				714D8EEA2606711900B78A8C /* SotoS3Outposts */,
				714D8EEC2606711900B78A8C /* SotoACMPCA */,
			);
			productName = "Base (iOS)";
			productReference = 714D8E5A26066E1600B78A8C /* Base.app */;
			productType = "com.apple.product-type.application";
		};
		714D8E6126066E1600B78A8C /* Base (macOS) */ = {
			isa = PBXNativeTarget;
			buildConfigurationList = 714D8E8726066E1600B78A8C /* Build configuration list for PBXNativeTarget "Base (macOS)" */;
			buildPhases = (
				714D8E5E26066E1600B78A8C /* Sources */,
				714D8E5F26066E1600B78A8C /* Frameworks */,
				714D8E6026066E1600B78A8C /* Resources */,
			);
			buildRules = (
			);
			dependencies = (
			);
			name = "Base (macOS)";
			packageProductDependencies = (
				714D8EA726066E7300B78A8C /* GraniteUI */,
				714D8EF22606714100B78A8C /* SotoACM */,
				714D8EF42606714100B78A8C /* SotoAmplify */,
				714D8EF62606714100B78A8C /* SotoS3 */,
				714D8EF82606714100B78A8C /* SotoS3Control */,
				714D8EFA2606714100B78A8C /* SotoS3Outposts */,
			);
			productName = "Base (macOS)";
			productReference = 714D8E6226066E1600B78A8C /* Base.app */;
			productType = "com.apple.product-type.application";
		};
		714D8E6926066E1600B78A8C /* Tests iOS */ = {
			isa = PBXNativeTarget;
			buildConfigurationList = 714D8E8A26066E1600B78A8C /* Build configuration list for PBXNativeTarget "Tests iOS" */;
			buildPhases = (
				714D8E6626066E1600B78A8C /* Sources */,
				714D8E6726066E1600B78A8C /* Frameworks */,
				714D8E6826066E1600B78A8C /* Resources */,
			);
			buildRules = (
			);
			dependencies = (
				714D8E6C26066E1600B78A8C /* PBXTargetDependency */,
			);
			name = "Tests iOS";
			productName = "Tests iOS";
			productReference = 714D8E6A26066E1600B78A8C /* Tests iOS.xctest */;
			productType = "com.apple.product-type.bundle.ui-testing";
		};
		714D8E7426066E1600B78A8C /* Tests macOS */ = {
			isa = PBXNativeTarget;
			buildConfigurationList = 714D8E8D26066E1600B78A8C /* Build configuration list for PBXNativeTarget "Tests macOS" */;
			buildPhases = (
				714D8E7126066E1600B78A8C /* Sources */,
				714D8E7226066E1600B78A8C /* Frameworks */,
				714D8E7326066E1600B78A8C /* Resources */,
			);
			buildRules = (
			);
			dependencies = (
				714D8E7726066E1600B78A8C /* PBXTargetDependency */,
			);
			name = "Tests macOS";
			productName = "Tests macOS";
			productReference = 714D8E7526066E1600B78A8C /* Tests macOS.xctest */;
			productType = "com.apple.product-type.bundle.ui-testing";
		};
/* End PBXNativeTarget section */

/* Begin PBXProject section */
		714D8E4E26066E1500B78A8C /* Project object */ = {
			isa = PBXProject;
			attributes = {
				LastSwiftUpdateCheck = 1240;
				LastUpgradeCheck = 1240;
				TargetAttributes = {
					714D8E5926066E1600B78A8C = {
						CreatedOnToolsVersion = 12.4;
					};
					714D8E6126066E1600B78A8C = {
						CreatedOnToolsVersion = 12.4;
					};
					714D8E6926066E1600B78A8C = {
						CreatedOnToolsVersion = 12.4;
						TestTargetID = 714D8E5926066E1600B78A8C;
					};
					714D8E7426066E1600B78A8C = {
						CreatedOnToolsVersion = 12.4;
						TestTargetID = 714D8E6126066E1600B78A8C;
					};
				};
			};
			buildConfigurationList = 714D8E5126066E1500B78A8C /* Build configuration list for PBXProject "Base" */;
			compatibilityVersion = "Xcode 9.3";
			developmentRegion = en;
			hasScannedForEncodings = 0;
			knownRegions = (
				en,
				Base,
			);
			mainGroup = 714D8E4D26066E1500B78A8C;
			packageReferences = (
				714D8ED72606711900B78A8C /* XCRemoteSwiftPackageReference "soto" */,
			);
			productRefGroup = 714D8E5B26066E1600B78A8C /* Products */;
			projectDirPath = "";
			projectRoot = "";
			targets = (
				714D8E5926066E1600B78A8C /* Base (iOS) */,
				714D8E6126066E1600B78A8C /* Base (macOS) */,
				714D8E6926066E1600B78A8C /* Tests iOS */,
				714D8E7426066E1600B78A8C /* Tests macOS */,
			);
		};
/* End PBXProject section */

/* Begin PBXResourcesBuildPhase section */
		714D8E5826066E1600B78A8C /* Resources */ = {
			isa = PBXResourcesBuildPhase;
			buildActionMask = 2147483647;
			files = (
				714D8E8026066E1600B78A8C /* Assets.xcassets in Resources */,
			);
			runOnlyForDeploymentPostprocessing = 0;
		};
		714D8E6026066E1600B78A8C /* Resources */ = {
			isa = PBXResourcesBuildPhase;
			buildActionMask = 2147483647;
			files = (
				714D8E8126066E1600B78A8C /* Assets.xcassets in Resources */,
			);
			runOnlyForDeploymentPostprocessing = 0;
		};
		714D8E6826066E1600B78A8C /* Resources */ = {
			isa = PBXResourcesBuildPhase;
			buildActionMask = 2147483647;
			files = (
			);
			runOnlyForDeploymentPostprocessing = 0;
		};
		714D8E7326066E1600B78A8C /* Resources */ = {
			isa = PBXResourcesBuildPhase;
			buildActionMask = 2147483647;
			files = (
			);
			runOnlyForDeploymentPostprocessing = 0;
		};
/* End PBXResourcesBuildPhase section */

/* Begin PBXSourcesBuildPhase section */
		714D8E5626066E1600B78A8C /* Sources */ = {
			isa = PBXSourcesBuildPhase;
			buildActionMask = 2147483647;
			files = (
				7198CED0260B07BA00E5080C /* S3DeleteAllExpedition.swift in Sources */,
				714D8F062606729C00B78A8C /* S3Expedition.swift in Sources */,
				714D8EC026066EED00B78A8C /* MainEvents.swift in Sources */,
				714D8EBE26066EED00B78A8C /* MainState.swift in Sources */,
				714D8E7E26066E1600B78A8C /* ContentView.swift in Sources */,
				714D8E7C26066E1600B78A8C /* BaseApp.swift in Sources */,
				714D8EBC26066EED00B78A8C /* MainComponent.swift in Sources */,
			);
			runOnlyForDeploymentPostprocessing = 0;
		};
		714D8E5E26066E1600B78A8C /* Sources */ = {
			isa = PBXSourcesBuildPhase;
			buildActionMask = 2147483647;
			files = (
				7198CED1260B07BA00E5080C /* S3DeleteAllExpedition.swift in Sources */,
				714D8F072606729C00B78A8C /* S3Expedition.swift in Sources */,
				714D8EC126066EED00B78A8C /* MainEvents.swift in Sources */,
				714D8EBF26066EED00B78A8C /* MainState.swift in Sources */,
				714D8E7F26066E1600B78A8C /* ContentView.swift in Sources */,
				714D8E7D26066E1600B78A8C /* BaseApp.swift in Sources */,
				714D8EBD26066EED00B78A8C /* MainComponent.swift in Sources */,
			);
			runOnlyForDeploymentPostprocessing = 0;
		};
		714D8E6626066E1600B78A8C /* Sources */ = {
			isa = PBXSourcesBuildPhase;
			buildActionMask = 2147483647;
			files = (
				714D8E6F26066E1600B78A8C /* Tests_iOS.swift in Sources */,
			);
			runOnlyForDeploymentPostprocessing = 0;
		};
		714D8E7126066E1600B78A8C /* Sources */ = {
			isa = PBXSourcesBuildPhase;
			buildActionMask = 2147483647;
			files = (
				714D8E7A26066E1600B78A8C /* Tests_macOS.swift in Sources */,
			);
			runOnlyForDeploymentPostprocessing = 0;
		};
/* End PBXSourcesBuildPhase section */

/* Begin PBXTargetDependency section */
		714D8E6C26066E1600B78A8C /* PBXTargetDependency */ = {
			isa = PBXTargetDependency;
			target = 714D8E5926066E1600B78A8C /* Base (iOS) */;
			targetProxy = 714D8E6B26066E1600B78A8C /* PBXContainerItemProxy */;
		};
		714D8E7726066E1600B78A8C /* PBXTargetDependency */ = {
			isa = PBXTargetDependency;
			target = 714D8E6126066E1600B78A8C /* Base (macOS) */;
			targetProxy = 714D8E7626066E1600B78A8C /* PBXContainerItemProxy */;
		};
/* End PBXTargetDependency section */

/* Begin XCBuildConfiguration section */
		714D8E8226066E1600B78A8C /* Debug */ = {
			isa = XCBuildConfiguration;
			buildSettings = {
				ALWAYS_SEARCH_USER_PATHS = NO;
				CLANG_ANALYZER_NONNULL = YES;
				CLANG_ANALYZER_NUMBER_OBJECT_CONVERSION = YES_AGGRESSIVE;
				CLANG_CXX_LANGUAGE_STANDARD = "gnu++14";
				CLANG_CXX_LIBRARY = "libc++";
				CLANG_ENABLE_MODULES = YES;
				CLANG_ENABLE_OBJC_ARC = YES;
				CLANG_ENABLE_OBJC_WEAK = YES;
				CLANG_WARN_BLOCK_CAPTURE_AUTORELEASING = YES;
				CLANG_WARN_BOOL_CONVERSION = YES;
				CLANG_WARN_COMMA = YES;
				CLANG_WARN_CONSTANT_CONVERSION = YES;
				CLANG_WARN_DEPRECATED_OBJC_IMPLEMENTATIONS = YES;
				CLANG_WARN_DIRECT_OBJC_ISA_USAGE = YES_ERROR;
				CLANG_WARN_DOCUMENTATION_COMMENTS = YES;
				CLANG_WARN_EMPTY_BODY = YES;
				CLANG_WARN_ENUM_CONVERSION = YES;
				CLANG_WARN_INFINITE_RECURSION = YES;
				CLANG_WARN_INT_CONVERSION = YES;
				CLANG_WARN_NON_LITERAL_NULL_CONVERSION = YES;
				CLANG_WARN_OBJC_IMPLICIT_RETAIN_SELF = YES;
				CLANG_WARN_OBJC_LITERAL_CONVERSION = YES;
				CLANG_WARN_OBJC_ROOT_CLASS = YES_ERROR;
				CLANG_WARN_QUOTED_INCLUDE_IN_FRAMEWORK_HEADER = YES;
				CLANG_WARN_RANGE_LOOP_ANALYSIS = YES;
				CLANG_WARN_STRICT_PROTOTYPES = YES;
				CLANG_WARN_SUSPICIOUS_MOVE = YES;
				CLANG_WARN_UNGUARDED_AVAILABILITY = YES_AGGRESSIVE;
				CLANG_WARN_UNREACHABLE_CODE = YES;
				CLANG_WARN__DUPLICATE_METHOD_MATCH = YES;
				COPY_PHASE_STRIP = NO;
				DEBUG_INFORMATION_FORMAT = dwarf;
				ENABLE_STRICT_OBJC_MSGSEND = YES;
				ENABLE_TESTABILITY = YES;
				GCC_C_LANGUAGE_STANDARD = gnu11;
				GCC_DYNAMIC_NO_PIC = NO;
				GCC_NO_COMMON_BLOCKS = YES;
				GCC_OPTIMIZATION_LEVEL = 0;
				GCC_PREPROCESSOR_DEFINITIONS = (
					"DEBUG=1",
					"$(inherited)",
				);
				GCC_WARN_64_TO_32_BIT_CONVERSION = YES;
				GCC_WARN_ABOUT_RETURN_TYPE = YES_ERROR;
				GCC_WARN_UNDECLARED_SELECTOR = YES;
				GCC_WARN_UNINITIALIZED_AUTOS = YES_AGGRESSIVE;
				GCC_WARN_UNUSED_FUNCTION = YES;
				GCC_WARN_UNUSED_VARIABLE = YES;
				MTL_ENABLE_DEBUG_INFO = INCLUDE_SOURCE;
				MTL_FAST_MATH = YES;
				ONLY_ACTIVE_ARCH = YES;
				SWIFT_ACTIVE_COMPILATION_CONDITIONS = DEBUG;
				SWIFT_OPTIMIZATION_LEVEL = "-Onone";
			};
			name = Debug;
		};
		714D8E8326066E1600B78A8C /* Release */ = {
			isa = XCBuildConfiguration;
			buildSettings = {
				ALWAYS_SEARCH_USER_PATHS = NO;
				CLANG_ANALYZER_NONNULL = YES;
				CLANG_ANALYZER_NUMBER_OBJECT_CONVERSION = YES_AGGRESSIVE;
				CLANG_CXX_LANGUAGE_STANDARD = "gnu++14";
				CLANG_CXX_LIBRARY = "libc++";
				CLANG_ENABLE_MODULES = YES;
				CLANG_ENABLE_OBJC_ARC = YES;
				CLANG_ENABLE_OBJC_WEAK = YES;
				CLANG_WARN_BLOCK_CAPTURE_AUTORELEASING = YES;
				CLANG_WARN_BOOL_CONVERSION = YES;
				CLANG_WARN_COMMA = YES;
				CLANG_WARN_CONSTANT_CONVERSION = YES;
				CLANG_WARN_DEPRECATED_OBJC_IMPLEMENTATIONS = YES;
				CLANG_WARN_DIRECT_OBJC_ISA_USAGE = YES_ERROR;
				CLANG_WARN_DOCUMENTATION_COMMENTS = YES;
				CLANG_WARN_EMPTY_BODY = YES;
				CLANG_WARN_ENUM_CONVERSION = YES;
				CLANG_WARN_INFINITE_RECURSION = YES;
				CLANG_WARN_INT_CONVERSION = YES;
				CLANG_WARN_NON_LITERAL_NULL_CONVERSION = YES;
				CLANG_WARN_OBJC_IMPLICIT_RETAIN_SELF = YES;
				CLANG_WARN_OBJC_LITERAL_CONVERSION = YES;
				CLANG_WARN_OBJC_ROOT_CLASS = YES_ERROR;
				CLANG_WARN_QUOTED_INCLUDE_IN_FRAMEWORK_HEADER = YES;
				CLANG_WARN_RANGE_LOOP_ANALYSIS = YES;
				CLANG_WARN_STRICT_PROTOTYPES = YES;
				CLANG_WARN_SUSPICIOUS_MOVE = YES;
				CLANG_WARN_UNGUARDED_AVAILABILITY = YES_AGGRESSIVE;
				CLANG_WARN_UNREACHABLE_CODE = YES;
				CLANG_WARN__DUPLICATE_METHOD_MATCH = YES;
				COPY_PHASE_STRIP = NO;
				DEBUG_INFORMATION_FORMAT = "dwarf-with-dsym";
				ENABLE_NS_ASSERTIONS = NO;
				ENABLE_STRICT_OBJC_MSGSEND = YES;
				GCC_C_LANGUAGE_STANDARD = gnu11;
				GCC_NO_COMMON_BLOCKS = YES;
				GCC_WARN_64_TO_32_BIT_CONVERSION = YES;
				GCC_WARN_ABOUT_RETURN_TYPE = YES_ERROR;
				GCC_WARN_UNDECLARED_SELECTOR = YES;
				GCC_WARN_UNINITIALIZED_AUTOS = YES_AGGRESSIVE;
				GCC_WARN_UNUSED_FUNCTION = YES;
				GCC_WARN_UNUSED_VARIABLE = YES;
				MTL_ENABLE_DEBUG_INFO = NO;
				MTL_FAST_MATH = YES;
				SWIFT_COMPILATION_MODE = wholemodule;
				SWIFT_OPTIMIZATION_LEVEL = "-O";
			};
			name = Release;
		};
		714D8E8526066E1600B78A8C /* Debug */ = {
			isa = XCBuildConfiguration;
			buildSettings = {
				ASSETCATALOG_COMPILER_APPICON_NAME = AppIcon;
				ASSETCATALOG_COMPILER_GLOBAL_ACCENT_COLOR_NAME = AccentColor;
				CODE_SIGN_STYLE = Automatic;
				DEVELOPMENT_TEAM = CV8LAA8JAP;
				ENABLE_PREVIEWS = YES;
				INFOPLIST_FILE = iOS/Info.plist;
				IPHONEOS_DEPLOYMENT_TARGET = 14.0;
				LD_RUNPATH_SEARCH_PATHS = (
					"$(inherited)",
					"@executable_path/Frameworks",
				);
				PRODUCT_BUNDLE_IDENTIFIER = nyc.stoic.marque.la.verre.le;
				PRODUCT_NAME = Base;
				SDKROOT = iphoneos;
				SWIFT_VERSION = 5.0;
				TARGETED_DEVICE_FAMILY = "1,2";
			};
			name = Debug;
		};
		714D8E8626066E1600B78A8C /* Release */ = {
			isa = XCBuildConfiguration;
			buildSettings = {
				ASSETCATALOG_COMPILER_APPICON_NAME = AppIcon;
				ASSETCATALOG_COMPILER_GLOBAL_ACCENT_COLOR_NAME = AccentColor;
				CODE_SIGN_STYLE = Automatic;
				DEVELOPMENT_TEAM = CV8LAA8JAP;
				ENABLE_PREVIEWS = YES;
				INFOPLIST_FILE = iOS/Info.plist;
				IPHONEOS_DEPLOYMENT_TARGET = 14.0;
				LD_RUNPATH_SEARCH_PATHS = (
					"$(inherited)",
					"@executable_path/Frameworks",
				);
				PRODUCT_BUNDLE_IDENTIFIER = nyc.stoic.marque.la.verre.le;
				PRODUCT_NAME = Base;
				SDKROOT = iphoneos;
				SWIFT_VERSION = 5.0;
				TARGETED_DEVICE_FAMILY = "1,2";
				VALIDATE_PRODUCT = YES;
			};
			name = Release;
		};
		714D8E8826066E1600B78A8C /* Debug */ = {
			isa = XCBuildConfiguration;
			buildSettings = {
				ASSETCATALOG_COMPILER_APPICON_NAME = AppIcon;
				ASSETCATALOG_COMPILER_GLOBAL_ACCENT_COLOR_NAME = AccentColor;
				CODE_SIGN_ENTITLEMENTS = macOS/macOS.entitlements;
				CODE_SIGN_STYLE = Automatic;
				COMBINE_HIDPI_IMAGES = YES;
				DEVELOPMENT_TEAM = CV8LAA8JAP;
				ENABLE_HARDENED_RUNTIME = YES;
				ENABLE_PREVIEWS = YES;
				INFOPLIST_FILE = macOS/Info.plist;
				LD_RUNPATH_SEARCH_PATHS = (
					"$(inherited)",
					"@executable_path/../Frameworks",
				);
				MACOSX_DEPLOYMENT_TARGET = 11.0;
				PRODUCT_BUNDLE_IDENTIFIER = nyc.stoic.granite.Base;
				PRODUCT_NAME = Base;
				SDKROOT = macosx;
				SWIFT_VERSION = 5.0;
			};
			name = Debug;
		};
		714D8E8926066E1600B78A8C /* Release */ = {
			isa = XCBuildConfiguration;
			buildSettings = {
				ASSETCATALOG_COMPILER_APPICON_NAME = AppIcon;
				ASSETCATALOG_COMPILER_GLOBAL_ACCENT_COLOR_NAME = AccentColor;
				CODE_SIGN_ENTITLEMENTS = macOS/macOS.entitlements;
				CODE_SIGN_STYLE = Automatic;
				COMBINE_HIDPI_IMAGES = YES;
				DEVELOPMENT_TEAM = CV8LAA8JAP;
				ENABLE_HARDENED_RUNTIME = YES;
				ENABLE_PREVIEWS = YES;
				INFOPLIST_FILE = macOS/Info.plist;
				LD_RUNPATH_SEARCH_PATHS = (
					"$(inherited)",
					"@executable_path/../Frameworks",
				);
				MACOSX_DEPLOYMENT_TARGET = 11.0;
				PRODUCT_BUNDLE_IDENTIFIER = nyc.stoic.granite.Base;
				PRODUCT_NAME = Base;
				SDKROOT = macosx;
				SWIFT_VERSION = 5.0;
			};
			name = Release;
		};
		714D8E8B26066E1600B78A8C /* Debug */ = {
			isa = XCBuildConfiguration;
			buildSettings = {
				ALWAYS_EMBED_SWIFT_STANDARD_LIBRARIES = YES;
				CODE_SIGN_STYLE = Automatic;
				DEVELOPMENT_TEAM = CV8LAA8JAP;
				INFOPLIST_FILE = "Tests iOS/Info.plist";
				IPHONEOS_DEPLOYMENT_TARGET = 14.4;
				LD_RUNPATH_SEARCH_PATHS = (
					"$(inherited)",
					"@executable_path/Frameworks",
					"@loader_path/Frameworks",
				);
				PRODUCT_BUNDLE_IDENTIFIER = "nyc.stoic.granite.Tests-iOS";
				PRODUCT_NAME = "$(TARGET_NAME)";
				SDKROOT = iphoneos;
				SWIFT_VERSION = 5.0;
				TARGETED_DEVICE_FAMILY = "1,2";
				TEST_TARGET_NAME = "Base (iOS)";
			};
			name = Debug;
		};
		714D8E8C26066E1600B78A8C /* Release */ = {
			isa = XCBuildConfiguration;
			buildSettings = {
				ALWAYS_EMBED_SWIFT_STANDARD_LIBRARIES = YES;
				CODE_SIGN_STYLE = Automatic;
				DEVELOPMENT_TEAM = CV8LAA8JAP;
				INFOPLIST_FILE = "Tests iOS/Info.plist";
				IPHONEOS_DEPLOYMENT_TARGET = 14.4;
				LD_RUNPATH_SEARCH_PATHS = (
					"$(inherited)",
					"@executable_path/Frameworks",
					"@loader_path/Frameworks",
				);
				PRODUCT_BUNDLE_IDENTIFIER = "nyc.stoic.granite.Tests-iOS";
				PRODUCT_NAME = "$(TARGET_NAME)";
				SDKROOT = iphoneos;
				SWIFT_VERSION = 5.0;
				TARGETED_DEVICE_FAMILY = "1,2";
				TEST_TARGET_NAME = "Base (iOS)";
				VALIDATE_PRODUCT = YES;
			};
			name = Release;
		};
		714D8E8E26066E1600B78A8C /* Debug */ = {
			isa = XCBuildConfiguration;
			buildSettings = {
				ALWAYS_EMBED_SWIFT_STANDARD_LIBRARIES = YES;
				CODE_SIGN_STYLE = Automatic;
				COMBINE_HIDPI_IMAGES = YES;
				DEVELOPMENT_TEAM = CV8LAA8JAP;
				INFOPLIST_FILE = "Tests macOS/Info.plist";
				LD_RUNPATH_SEARCH_PATHS = (
					"$(inherited)",
					"@executable_path/../Frameworks",
					"@loader_path/../Frameworks",
				);
				MACOSX_DEPLOYMENT_TARGET = 11.1;
				PRODUCT_BUNDLE_IDENTIFIER = "nyc.stoic.granite.Tests-macOS";
				PRODUCT_NAME = "$(TARGET_NAME)";
				SDKROOT = macosx;
				SWIFT_VERSION = 5.0;
				TEST_TARGET_NAME = "Base (macOS)";
			};
			name = Debug;
		};
		714D8E8F26066E1600B78A8C /* Release */ = {
			isa = XCBuildConfiguration;
			buildSettings = {
				ALWAYS_EMBED_SWIFT_STANDARD_LIBRARIES = YES;
				CODE_SIGN_STYLE = Automatic;
				COMBINE_HIDPI_IMAGES = YES;
				DEVELOPMENT_TEAM = CV8LAA8JAP;
				INFOPLIST_FILE = "Tests macOS/Info.plist";
				LD_RUNPATH_SEARCH_PATHS = (
					"$(inherited)",
					"@executable_path/../Frameworks",
					"@loader_path/../Frameworks",
				);
				MACOSX_DEPLOYMENT_TARGET = 11.1;
				PRODUCT_BUNDLE_IDENTIFIER = "nyc.stoic.granite.Tests-macOS";
				PRODUCT_NAME = "$(TARGET_NAME)";
				SDKROOT = macosx;
				SWIFT_VERSION = 5.0;
				TEST_TARGET_NAME = "Base (macOS)";
			};
			name = Release;
		};
/* End XCBuildConfiguration section */

/* Begin XCConfigurationList section */
		714D8E5126066E1500B78A8C /* Build configuration list for PBXProject "Base" */ = {
			isa = XCConfigurationList;
			buildConfigurations = (
				714D8E8226066E1600B78A8C /* Debug */,
				714D8E8326066E1600B78A8C /* Release */,
			);
			defaultConfigurationIsVisible = 0;
			defaultConfigurationName = Release;
		};
		714D8E8426066E1600B78A8C /* Build configuration list for PBXNativeTarget "Base (iOS)" */ = {
			isa = XCConfigurationList;
			buildConfigurations = (
				714D8E8526066E1600B78A8C /* Debug */,
				714D8E8626066E1600B78A8C /* Release */,
			);
			defaultConfigurationIsVisible = 0;
			defaultConfigurationName = Release;
		};
		714D8E8726066E1600B78A8C /* Build configuration list for PBXNativeTarget "Base (macOS)" */ = {
			isa = XCConfigurationList;
			buildConfigurations = (
				714D8E8826066E1600B78A8C /* Debug */,
				714D8E8926066E1600B78A8C /* Release */,
			);
			defaultConfigurationIsVisible = 0;
			defaultConfigurationName = Release;
		};
		714D8E8A26066E1600B78A8C /* Build configuration list for PBXNativeTarget "Tests iOS" */ = {
			isa = XCConfigurationList;
			buildConfigurations = (
				714D8E8B26066E1600B78A8C /* Debug */,
				714D8E8C26066E1600B78A8C /* Release */,
			);
			defaultConfigurationIsVisible = 0;
			defaultConfigurationName = Release;
		};
		714D8E8D26066E1600B78A8C /* Build configuration list for PBXNativeTarget "Tests macOS" */ = {
			isa = XCConfigurationList;
			buildConfigurations = (
				714D8E8E26066E1600B78A8C /* Debug */,
				714D8E8F26066E1600B78A8C /* Release */,
			);
			defaultConfigurationIsVisible = 0;
			defaultConfigurationName = Release;
		};
/* End XCConfigurationList section */

/* Begin XCRemoteSwiftPackageReference section */
		714D8ED72606711900B78A8C /* XCRemoteSwiftPackageReference "soto" */ = {
			isa = XCRemoteSwiftPackageReference;
			repositoryURL = "https://github.com/soto-project/soto";
			requirement = {
				branch = main;
				kind = branch;
			};
		};
/* End XCRemoteSwiftPackageReference section */

/* Begin XCSwiftPackageProductDependency section */
		714D8EA526066E6E00B78A8C /* GraniteUI */ = {
			isa = XCSwiftPackageProductDependency;
			productName = GraniteUI;
		};
		714D8EA726066E7300B78A8C /* GraniteUI */ = {
			isa = XCSwiftPackageProductDependency;
			productName = GraniteUI;
		};
		714D8ED82606711900B78A8C /* SotoS3 */ = {
			isa = XCSwiftPackageProductDependency;
			package = 714D8ED72606711900B78A8C /* XCRemoteSwiftPackageReference "soto" */;
			productName = SotoS3;
		};
		714D8EDA2606711900B78A8C /* SotoAccessAnalyzer */ = {
			isa = XCSwiftPackageProductDependency;
			package = 714D8ED72606711900B78A8C /* XCRemoteSwiftPackageReference "soto" */;
			productName = SotoAccessAnalyzer;
		};
		714D8EDC2606711900B78A8C /* SotoAmplifyBackend */ = {
			isa = XCSwiftPackageProductDependency;
			package = 714D8ED72606711900B78A8C /* XCRemoteSwiftPackageReference "soto" */;
			productName = SotoAmplifyBackend;
		};
		714D8EDE2606711900B78A8C /* SotoApiGatewayV2 */ = {
			isa = XCSwiftPackageProductDependency;
			package = 714D8ED72606711900B78A8C /* XCRemoteSwiftPackageReference "soto" */;
			productName = SotoApiGatewayV2;
		};
		714D8EE02606711900B78A8C /* SotoACM */ = {
			isa = XCSwiftPackageProductDependency;
			package = 714D8ED72606711900B78A8C /* XCRemoteSwiftPackageReference "soto" */;
			productName = SotoACM;
		};
		714D8EE22606711900B78A8C /* SotoS3Control */ = {
			isa = XCSwiftPackageProductDependency;
			package = 714D8ED72606711900B78A8C /* XCRemoteSwiftPackageReference "soto" */;
			productName = SotoS3Control;
		};
		714D8EE42606711900B78A8C /* SotoAmplify */ = {
			isa = XCSwiftPackageProductDependency;
			package = 714D8ED72606711900B78A8C /* XCRemoteSwiftPackageReference "soto" */;
			productName = SotoAmplify;
		};
		714D8EE62606711900B78A8C /* SotoApiGatewayManagementApi */ = {
			isa = XCSwiftPackageProductDependency;
			package = 714D8ED72606711900B78A8C /* XCRemoteSwiftPackageReference "soto" */;
			productName = SotoApiGatewayManagementApi;
		};
		714D8EE82606711900B78A8C /* SotoAPIGateway */ = {
			isa = XCSwiftPackageProductDependency;
			package = 714D8ED72606711900B78A8C /* XCRemoteSwiftPackageReference "soto" */;
			productName = SotoAPIGateway;
		};
		714D8EEA2606711900B78A8C /* SotoS3Outposts */ = {
			isa = XCSwiftPackageProductDependency;
			package = 714D8ED72606711900B78A8C /* XCRemoteSwiftPackageReference "soto" */;
			productName = SotoS3Outposts;
		};
		714D8EEC2606711900B78A8C /* SotoACMPCA */ = {
			isa = XCSwiftPackageProductDependency;
			package = 714D8ED72606711900B78A8C /* XCRemoteSwiftPackageReference "soto" */;
			productName = SotoACMPCA;
		};
		714D8EF22606714100B78A8C /* SotoACM */ = {
			isa = XCSwiftPackageProductDependency;
			package = 714D8ED72606711900B78A8C /* XCRemoteSwiftPackageReference "soto" */;
			productName = SotoACM;
		};
		714D8EF42606714100B78A8C /* SotoAmplify */ = {
			isa = XCSwiftPackageProductDependency;
			package = 714D8ED72606711900B78A8C /* XCRemoteSwiftPackageReference "soto" */;
			productName = SotoAmplify;
		};
		714D8EF62606714100B78A8C /* SotoS3 */ = {
			isa = XCSwiftPackageProductDependency;
			package = 714D8ED72606711900B78A8C /* XCRemoteSwiftPackageReference "soto" */;
			productName = SotoS3;
		};
		714D8EF82606714100B78A8C /* SotoS3Control */ = {
			isa = XCSwiftPackageProductDependency;
			package = 714D8ED72606711900B78A8C /* XCRemoteSwiftPackageReference "soto" */;
			productName = SotoS3Control;
		};
		714D8EFA2606714100B78A8C /* SotoS3Outposts */ = {
			isa = XCSwiftPackageProductDependency;
			package = 714D8ED72606711900B78A8C /* XCRemoteSwiftPackageReference "soto" */;
			productName = SotoS3Outposts;
		};
/* End XCSwiftPackageProductDependency section */
	};
	rootObject = 714D8E4E26066E1500B78A8C /* Project object */;
}
